
Microsoft Visual Studio Solution File, Format Version 12.00
# Visual Studio Version 17
VisualStudioVersion = 17.2.32505.173
MinimumVisualStudioVersion = 10.0.40219.1
Project("{FAE04EC0-301F-11D3-BF4B-00C04F79EFBC}") = "CV19", "CV19\CV19.csproj", "{EA380402-CCFF-4707-ACBB-4F64F358C3D0}"
EndProject
Project("{2150E333-8FDC-42A3-9474-1A3956D46DE8}") = "Tests", "Tests", "{8A228519-FF76-4E80-BB3E-87957B318364}"
EndProject
Project("{FAE04EC0-301F-11D3-BF4B-00C04F79EFBC}") = "CV19Console", "Tests\CV19Console\CV19Console.csproj", "{E86B44AB-1570-42E3-8B4B-2116B7B607F1}"
EndProject
Project("{FAE04EC0-301F-11D3-BF4B-00C04F79EFBC}") = "CV19WPFTest", "Tests\CV19WPFTest\CV19WPFTest.csproj", "{7830B2A7-E3EA-4608-A8FF-F20A111EABC0}"
EndProject
Global
	GlobalSection(SolutionConfigurationPlatforms) = preSolution
		Debug|Any CPU = Debug|Any CPU
		Release|Any CPU = Release|Any CPU
	EndGlobalSection
	GlobalSection(ProjectConfigurationPlatforms) = postSolution
		{EA380402-CCFF-4707-ACBB-4F64F358C3D0}.Debug|Any CPU.ActiveCfg = Debug|Any CPU
		{EA380402-CCFF-4707-ACBB-4F64F358C3D0}.Debug|Any CPU.Build.0 = Debug|Any CPU
		{EA380402-CCFF-4707-ACBB-4F64F358C3D0}.Release|Any CPU.ActiveCfg = Release|Any CPU
		{EA380402-CCFF-4707-ACBB-4F64F358C3D0}.Release|Any CPU.Build.0 = Release|Any CPU
		{E86B44AB-1570-42E3-8B4B-2116B7B607F1}.Debug|Any CPU.ActiveCfg = Debug|Any CPU
		{E86B44AB-1570-42E3-8B4B-2116B7B607F1}.Debug|Any CPU.Build.0 = Debug|Any CPU
		{E86B44AB-1570-42E3-8B4B-2116B7B607F1}.Release|Any CPU.ActiveCfg = Release|Any CPU
		{E86B44AB-1570-42E3-8B4B-2116B7B607F1}.Release|Any CPU.Build.0 = Release|Any CPU
		{7830B2A7-E3EA-4608-A8FF-F20A111EABC0}.Debug|Any CPU.ActiveCfg = Debug|Any CPU
		{7830B2A7-E3EA-4608-A8FF-F20A111EABC0}.Debug|Any CPU.Build.0 = Debug|Any CPU
		{7830B2A7-E3EA-4608-A8FF-F20A111EABC0}.Release|Any CPU.ActiveCfg = Release|Any CPU
		{7830B2A7-E3EA-4608-A8FF-F20A111EABC0}.Release|Any CPU.Build.0 = Release|Any CPU
	EndGlobalSection
	GlobalSection(SolutionProperties) = preSolution
		HideSolutionNode = FALSE
	EndGlobalSection
	GlobalSection(NestedProjects) = preSolution
		{E86B44AB-1570-42E3-8B4B-2116B7B607F1} = {8A228519-FF76-4E80-BB3E-87957B318364}
		{7830B2A7-E3EA-4608-A8FF-F20A111EABC0} = {8A228519-FF76-4E80-BB3E-87957B318364}
	EndGlobalSection
	GlobalSection(ExtensibilityGlobals) = postSolution
		SolutionGuid = {A9CE8A2A-2D59-448E-91E4-86C70A6625B7}
	EndGlobalSection
EndGlobal
